
Microsoft Visual Studio Solution File, Format Version 12.00
# Visual Studio Version 17
VisualStudioVersion = 17.4.33213.308
MinimumVisualStudioVersion = 10.0.40219.1
Project("{FAE04EC0-301F-11D3-BF4B-00C04F79EFBC}") = "CustomizingAppearance.Server", "Server\CustomizingAppearance.Server.csproj", "{606D3A58-46E8-4226-AEB5-64A9E6CEB22F}"
EndProject
Project("{FAE04EC0-301F-11D3-BF4B-00C04F79EFBC}") = "CustomizingAppearance.Client", "Client\CustomizingAppearance.Client.csproj", "{99AFF2D1-553C-4856-922C-71EED5625C96}"
EndProject
Project("{FAE04EC0-301F-11D3-BF4B-00C04F79EFBC}") = "CustomizingAppearance.Shared", "Shared\CustomizingAppearance.Shared.csproj", "{5A1D4FC9-A36D-49B9-A3CA-557980A4F13B}"
EndProject
Global
	GlobalSection(SolutionConfigurationPlatforms) = preSolution
		Debug|Any CPU = Debug|Any CPU
		Release|Any CPU = Release|Any CPU
	EndGlobalSection
	GlobalSection(ProjectConfigurationPlatforms) = postSolution
		{606D3A58-46E8-4226-AEB5-64A9E6CEB22F}.Debug|Any CPU.ActiveCfg = Debug|Any CPU
		{606D3A58-46E8-4226-AEB5-64A9E6CEB22F}.Debug|Any CPU.Build.0 = Debug|Any CPU
		{606D3A58-46E8-4226-AEB5-64A9E6CEB22F}.Release|Any CPU.ActiveCfg = Release|Any CPU
		{606D3A58-46E8-4226-AEB5-64A9E6CEB22F}.Release|Any CPU.Build.0 = Release|Any CPU
		{99AFF2D1-553C-4856-922C-71EED5625C96}.Debug|Any CPU.ActiveCfg = Debug|Any CPU
		{99AFF2D1-553C-4856-922C-71EED5625C96}.Debug|Any CPU.Build.0 = Debug|Any CPU
		{99AFF2D1-553C-4856-922C-71EED5625C96}.Release|Any CPU.ActiveCfg = Release|Any CPU
		{99AFF2D1-553C-4856-922C-71EED5625C96}.Release|Any CPU.Build.0 = Release|Any CPU
		{5A1D4FC9-A36D-49B9-A3CA-557980A4F13B}.Debug|Any CPU.ActiveCfg = Debug|Any CPU
		{5A1D4FC9-A36D-49B9-A3CA-557980A4F13B}.Debug|Any CPU.Build.0 = Debug|Any CPU
		{5A1D4FC9-A36D-49B9-A3CA-557980A4F13B}.Release|Any CPU.ActiveCfg = Release|Any CPU
		{5A1D4FC9-A36D-49B9-A3CA-557980A4F13B}.Release|Any CPU.Build.0 = Release|Any CPU
	EndGlobalSection
	GlobalSection(SolutionProperties) = preSolution
		HideSolutionNode = FALSE
	EndGlobalSection
	GlobalSection(ExtensibilityGlobals) = postSolution
		SolutionGuid = {CA4A4858-F329-4F58-9667-A47CB140B9A6}
	EndGlobalSection
EndGlobal
